<?xml version="1.0" encoding="utf-8"?>
<Project ToolsVersion="4.0" xmlns="http://schemas.microsoft.com/developer/msbuild/2003">
  <ItemGroup>
    <Filter Include="Source Files">
      <UniqueIdentifier>{4FC737F1-C7A5-4376-A066-2A32D752A2FF}</UniqueIdentifier>
      <Extensions>cpp;c;cc;cxx;def;odl;idl;hpj;bat;asm;asmx</Extensions>
    </Filter>
    <Filter Include="Resource Files">
      <UniqueIdentifier>{67DA6AB6-F800-4c08-8B7A-83BB121AAD01}</UniqueIdentifier>
      <Extensions>rc;ico;cur;bmp;dlg;rc2;rct;bin;rgs;gif;jpg;jpeg;jpe;resx;tiff;tif;png;wav;mfcribbon-ms</Extensions>
    </Filter>
    <Filter Include="Source Files\Shaders">
      <UniqueIdentifier>{7f78f3e8-935a-4aa1-a909-6e83077c175a}</UniqueIdentifier>
    </Filter>
    <Filter Include="Source Files\ATG Tool Kit">
      <UniqueIdentifier>{af6bae51-c1dc-46e8-9c3c-b913cb31dac3}</UniqueIdentifier>
    </Filter>
  </ItemGroup>
  <ItemGroup>
    <ClCompile Include="src\pch.cpp">
      <Filter>Source Files</Filter>
    </ClCompile>
    <ClCompile Include="src\main.cpp">
      <Filter>Source Files</Filter>
    </ClCompile>
    <ClCompile Include="src\AppStateSimpleInstancing_11.cpp">
      <Filter>Source Files</Filter>
    </ClCompile>
    <ClCompile Include="src\AppSimpleInstancing_11.cpp">
      <Filter>Source Files</Filter>
    </ClCompile>
  </ItemGroup>
  <ItemGroup>
    <ClInclude Include="src\pch.h">
      <Filter>Source Files</Filter>
    </ClInclude>
    <ClInclude Include="..\..\External\ATGTK\ATGColors.h">
      <Filter>Source Files\ATG Tool Kit</Filter>
    </ClInclude>
    <ClInclude Include="..\..\External\ATGTK\ControllerFont.h">
      <Filter>Source Files\ATG Tool Kit</Filter>
    </ClInclude>
    <ClInclude Include="..\..\External\ATGTK\FindMedia.h">
      <Filter>Source Files\ATG Tool Kit</Filter>
    </ClInclude>
    <ClInclude Include="..\..\External\ATGTK\ReadData.h">
      <Filter>Source Files\ATG Tool Kit</Filter>
    </ClInclude>
    <ClInclude Include="src\AppStateSimpleInstancing_11.h">
      <Filter>Source Files</Filter>
    </ClInclude>
    <ClInclude Include="src\AppSimpleInstancing_11.h">
      <Filter>Source Files</Filter>
    </ClInclude>
    <ClInclude Include="src\Shaders\SimpleInstancing_11_Shared.h">
      <Filter>Source Files\Shaders</Filter>
    </ClInclude>
  </ItemGroup>
  <ItemGroup>
    <FxCompile Include="src\Shaders\SimpleInstancing_11_PixelShader.hlsl">
      <Filter>Source Files\Shaders</Filter>
    </FxCompile>
    <FxCompile Include="src\Shaders\SimpleInstancing_11_VertexShader.hlsl">
      <Filter>Source Files\Shaders</Filter>
    </FxCompile>
  </ItemGroup>
  <ItemGroup>
    <None Include="src\Shaders\SimpleInstancing_11.hlsli">
      <Filter>Source Files\Shaders</Filter>
    </None>
  </ItemGroup>
</Project>