<?xml version="1.0" encoding="utf-8"?>
<Project ToolsVersion="4.0" xmlns="http://schemas.microsoft.com/developer/msbuild/2003">
  <ItemGroup>
    <Filter Include="Resource Files">
      <UniqueIdentifier>{67DA6AB6-F800-4c08-8B7A-83BB121AAD01}</UniqueIdentifier>
      <Extensions>rc;ico;cur;bmp;dlg;rc2;rct;bin;rgs;gif;jpg;jpeg;jpe;resx;tiff;tif;png;wav;mfcribbon-ms</Extensions>
    </Filter>
    <Filter Include="External">
      <UniqueIdentifier>{d5d952f0-89f4-4ec1-8c1d-4ebc6220c529}</UniqueIdentifier>
    </Filter>
    <Filter Include="Apps">
      <UniqueIdentifier>{ca0f6245-272e-453b-aec3-aa4896e6528b}</UniqueIdentifier>
    </Filter>
    <Filter Include="Apps\Test">
      <UniqueIdentifier>{5e454dbd-24ce-49bc-968d-7a11565e0177}</UniqueIdentifier>
    </Filter>
    <Filter Include="Lib">
      <UniqueIdentifier>{e4b21553-c0e4-43de-bda1-c18fd8ee75dd}</UniqueIdentifier>
    </Filter>
    <Filter Include="Lib\Loggers">
      <UniqueIdentifier>{6d18c787-e871-43e3-a9e0-52828fc71854}</UniqueIdentifier>
    </Filter>
    <Filter Include="Apps\Samples">
      <UniqueIdentifier>{6e6d7747-d169-4088-9337-8ee9bb507e5d}</UniqueIdentifier>
    </Filter>
    <Filter Include="ATG Tool Kit">
      <UniqueIdentifier>{c5fdea81-bd14-4dd9-8d0e-ecf53002c5db}</UniqueIdentifier>
    </Filter>
    <Filter Include="Ressources">
      <UniqueIdentifier>{5e8c889a-2a53-405c-925e-4182a29a734e}</UniqueIdentifier>
    </Filter>
  </ItemGroup>
  <ItemGroup>
    <ClInclude Include="src\DeviceResources.h">
      <Filter>External</Filter>
    </ClInclude>
    <ClInclude Include="src\onullstream.h">
      <Filter>External</Filter>
    </ClInclude>
    <ClInclude Include="src\StepTimer.h">
      <Filter>External</Filter>
    </ClInclude>
    <ClInclude Include="src\AppStateTest.h">
      <Filter>Apps\Test</Filter>
    </ClInclude>
    <ClInclude Include="src\AppState.h">
      <Filter>Lib</Filter>
    </ClInclude>
    <ClInclude Include="src\App.h">
      <Filter>Lib</Filter>
    </ClInclude>
    <ClInclude Include="src\AppTest.h">
      <Filter>Apps\Test</Filter>
    </ClInclude>
    <ClInclude Include="src\pch.h">
      <Filter>Lib</Filter>
    </ClInclude>
    <ClInclude Include="src\Logger.h">
      <Filter>Lib</Filter>
    </ClInclude>
    <ClInclude Include="src\LoggerConsole.h">
      <Filter>Lib\Loggers</Filter>
    </ClInclude>
    <ClInclude Include="src\AppSamples.h">
      <Filter>Apps\Samples</Filter>
    </ClInclude>
    <ClInclude Include="src\AppStateSimpleTriangle.h">
      <Filter>Apps\Samples</Filter>
    </ClInclude>
    <ClInclude Include="..\External\ATGTK\ATGColors.h">
      <Filter>ATG Tool Kit</Filter>
    </ClInclude>
    <ClInclude Include="..\External\ATGTK\ReadData.h">
      <Filter>ATG Tool Kit</Filter>
    </ClInclude>
  </ItemGroup>
  <ItemGroup>
    <ClCompile Include="src\main.cpp" />
    <ClCompile Include="src\DeviceResources.cpp">
      <Filter>External</Filter>
    </ClCompile>
    <ClCompile Include="src\AppStateTest.cpp">
      <Filter>Apps\Test</Filter>
    </ClCompile>
    <ClCompile Include="src\AppState.cpp">
      <Filter>Lib</Filter>
    </ClCompile>
    <ClCompile Include="src\App.cpp">
      <Filter>Lib</Filter>
    </ClCompile>
    <ClCompile Include="src\AppTest.cpp">
      <Filter>Apps\Test</Filter>
    </ClCompile>
    <ClCompile Include="src\pch.cpp">
      <Filter>Lib</Filter>
    </ClCompile>
    <ClCompile Include="src\Logger.cpp">
      <Filter>Lib</Filter>
    </ClCompile>
    <ClCompile Include="src\LoggerConsole.cpp">
      <Filter>Lib\Loggers</Filter>
    </ClCompile>
    <ClCompile Include="src\AppSamples.cpp">
      <Filter>Apps\Samples</Filter>
    </ClCompile>
    <ClCompile Include="src\AppStateSimpleTriangle.cpp">
      <Filter>Apps\Samples</Filter>
    </ClCompile>
  </ItemGroup>
  <ItemGroup>
    <FxCompile Include="src\PixelShader.hlsl">
      <Filter>Ressources</Filter>
    </FxCompile>
    <FxCompile Include="src\VertexShader.hlsl">
      <Filter>Ressources</Filter>
    </FxCompile>
  </ItemGroup>
</Project>