<?xml version="1.0" encoding="utf-8"?>
<Project ToolsVersion="4.0" xmlns="http://schemas.microsoft.com/developer/msbuild/2003">
  <ItemGroup>
    <Filter Include="Resource Files">
      <UniqueIdentifier>{67DA6AB6-F800-4c08-8B7A-83BB121AAD01}</UniqueIdentifier>
      <Extensions>rc;ico;cur;bmp;dlg;rc2;rct;bin;rgs;gif;jpg;jpeg;jpe;resx;tiff;tif;png;wav;mfcribbon-ms</Extensions>
    </Filter>
    <Filter Include="Source Files">
      <UniqueIdentifier>{e4b21553-c0e4-43de-bda1-c18fd8ee75dd}</UniqueIdentifier>
    </Filter>
    <Filter Include="Source Files\Loggers">
      <UniqueIdentifier>{6d18c787-e871-43e3-a9e0-52828fc71854}</UniqueIdentifier>
    </Filter>
  </ItemGroup>
  <ItemGroup>
    <ClInclude Include="src\LoggerConsole.h">
      <Filter>Source Files\Loggers</Filter>
    </ClInclude>
    <ClInclude Include="src\onullstream.h">
      <Filter>Source Files</Filter>
    </ClInclude>
    <ClInclude Include="src\App.h">
      <Filter>Source Files</Filter>
    </ClInclude>
    <ClInclude Include="src\AppState.h">
      <Filter>Source Files</Filter>
    </ClInclude>
    <ClInclude Include="src\DeviceResources.h">
      <Filter>Source Files</Filter>
    </ClInclude>
    <ClInclude Include="src\Logger.h">
      <Filter>Source Files</Filter>
    </ClInclude>
    <ClInclude Include="src\StepTimer.h">
      <Filter>Source Files</Filter>
    </ClInclude>
    <ClInclude Include="src\pch.h">
      <Filter>Source Files</Filter>
    </ClInclude>
  </ItemGroup>
  <ItemGroup>
    <ClCompile Include="src\AppState.cpp">
      <Filter>Source Files</Filter>
    </ClCompile>
    <ClCompile Include="src\App.cpp">
      <Filter>Source Files</Filter>
    </ClCompile>
    <ClCompile Include="src\Logger.cpp">
      <Filter>Source Files</Filter>
    </ClCompile>
    <ClCompile Include="src\LoggerConsole.cpp">
      <Filter>Source Files\Loggers</Filter>
    </ClCompile>
    <ClCompile Include="src\DeviceResources.cpp">
      <Filter>Source Files</Filter>
    </ClCompile>
    <ClCompile Include="src\pch.cpp">
      <Filter>Source Files</Filter>
    </ClCompile>
  </ItemGroup>
</Project>