Microsoft Visual Studio Solution File, Format Version 12.00
# Visual Studio 15
VisualStudioVersion = 15.0.28307.960
MinimumVisualStudioVersion = 10.0.40219.1
Project("{8BC9CEB8-8B4A-11D0-8D11-00A0C91BC942}") = "DirectXTK_Desktop_2017", "External\DirectXTK\DirectXTK_Desktop_2017.vcxproj", "{E0B52AE7-E160-4D32-BF3F-910B785E5A8E}"
EndProject
Project("{8BC9CEB8-8B4A-11D0-8D11-00A0C91BC942}") = "app-SimpleTriangle_11", "Projects\app-SimpleTriangle_11\app-SimpleTriangle_11.vcxproj", "{572785F9-3726-470A-9AF3-69A7E04EE654}"
EndProject
Project("{8BC9CEB8-8B4A-11D0-8D11-00A0C91BC942}") = "app-SimpleTexture_11", "Projects\app-SimpleTexture_11\app-SimpleTexture_11.vcxproj", "{849385DD-B533-45A5-994D-1F29E0EC9A19}"
EndProject
Project("{8BC9CEB8-8B4A-11D0-8D11-00A0C91BC942}") = "app-SimpleMSAA_11", "Projects\app-SimpleMSAA_11\app-SimpleMSAA_11.vcxproj", "{A62A0219-FEC8-428D-8C9F-81FFD58C268B}"
EndProject
Project("{8BC9CEB8-8B4A-11D0-8D11-00A0C91BC942}") = "app-SimpleLighting_11", "Projects\app-SimpleLighting_11\app-SimpleLighting_11.vcxproj", "{9A46E9AA-3E5D-45C8-A880-2760425164F6}"
EndProject
Project("{8BC9CEB8-8B4A-11D0-8D11-00A0C91BC942}") = "app-SimpleInstancing_11", "Projects\app-SimpleInstancing_11\app-SimpleInstancing_11.vcxproj", "{A6EF01DC-0343-4198-8F58-749037E2B79B}"
EndProject
Project("{8BC9CEB8-8B4A-11D0-8D11-00A0C91BC942}") = "app-SimpleCompute_11", "Projects\app-SimpleCompute_11\app-SimpleCompute_11.vcxproj", "{768E1F5B-71C5-4741-A4BA-62997D28B2CB}"
EndProject
Project("{8BC9CEB8-8B4A-11D0-8D11-00A0C91BC942}") = "app-SimpleBezier_11", "Projects\app-SimpleBezier_11\app-SimpleBezier_11.vcxproj", "{4663D5D6-9B7F-4876-908B-0C23509B5F0D}"
EndProject
Project("{8BC9CEB8-8B4A-11D0-8D11-00A0C91BC942}") = "DirectXTK12", "External\DirectXTK12\DirectXTK_Desktop_2017_Win10.vcxproj", "{3E0E8608-CD9B-4C76-AF33-29CA38F2C9F0}"
EndProject
Project("{8BC9CEB8-8B4A-11D0-8D11-00A0C91BC942}") = "lib-DXApp_common", "Projects\lib-DXApp_common\lib-DXApp_common.vcxproj", "{71BF9883-BA29-49D7-B10B-AED692F69997}"
EndProject
Project("{8BC9CEB8-8B4A-11D0-8D11-00A0C91BC942}") = "lib-DXApp_11", "Projects\lib-DXApp_11\lib-DXApp_11.vcxproj", "{D05CE1D4-2F47-4AD9-AEEC-96F2DA468F08}"
EndProject
Project("{8BC9CEB8-8B4A-11D0-8D11-00A0C91BC942}") = "lib-DXApp_12", "Projects\lib-DXApp_12\lib-DXApp_12.vcxproj", "{F56584F7-AD16-4CE2-B64D-7936932AEA20}"
EndProject
Global
	GlobalSection(SolutionConfigurationPlatforms) = preSolution
		Debug|ARM64 = Debug|ARM64
		Debug|x64 = Debug|x64
		Debug|x86 = Debug|x86
		Release|ARM64 = Release|ARM64
		Release|x64 = Release|x64
		Release|x86 = Release|x86
	EndGlobalSection
	GlobalSection(ProjectConfigurationPlatforms) = postSolution
		{E0B52AE7-E160-4D32-BF3F-910B785E5A8E}.Debug|ARM64.ActiveCfg = Debug|Win32
		{E0B52AE7-E160-4D32-BF3F-910B785E5A8E}.Debug|x64.ActiveCfg = Debug|x64
		{E0B52AE7-E160-4D32-BF3F-910B785E5A8E}.Debug|x64.Build.0 = Debug|x64
		{E0B52AE7-E160-4D32-BF3F-910B785E5A8E}.Debug|x86.ActiveCfg = Debug|Win32
		{E0B52AE7-E160-4D32-BF3F-910B785E5A8E}.Debug|x86.Build.0 = Debug|Win32
		{E0B52AE7-E160-4D32-BF3F-910B785E5A8E}.Release|ARM64.ActiveCfg = Release|Win32
		{E0B52AE7-E160-4D32-BF3F-910B785E5A8E}.Release|x64.ActiveCfg = Release|x64
		{E0B52AE7-E160-4D32-BF3F-910B785E5A8E}.Release|x64.Build.0 = Release|x64
		{E0B52AE7-E160-4D32-BF3F-910B785E5A8E}.Release|x86.ActiveCfg = Release|Win32
		{E0B52AE7-E160-4D32-BF3F-910B785E5A8E}.Release|x86.Build.0 = Release|Win32
		{572785F9-3726-470A-9AF3-69A7E04EE654}.Debug|ARM64.ActiveCfg = Debug|Win32
		{572785F9-3726-470A-9AF3-69A7E04EE654}.Debug|x64.ActiveCfg = Debug|x64
		{572785F9-3726-470A-9AF3-69A7E04EE654}.Debug|x64.Build.0 = Debug|x64
		{572785F9-3726-470A-9AF3-69A7E04EE654}.Debug|x86.ActiveCfg = Debug|Win32
		{572785F9-3726-470A-9AF3-69A7E04EE654}.Debug|x86.Build.0 = Debug|Win32
		{572785F9-3726-470A-9AF3-69A7E04EE654}.Release|ARM64.ActiveCfg = Release|Win32
		{572785F9-3726-470A-9AF3-69A7E04EE654}.Release|x64.ActiveCfg = Release|x64
		{572785F9-3726-470A-9AF3-69A7E04EE654}.Release|x64.Build.0 = Release|x64
		{572785F9-3726-470A-9AF3-69A7E04EE654}.Release|x86.ActiveCfg = Release|Win32
		{572785F9-3726-470A-9AF3-69A7E04EE654}.Release|x86.Build.0 = Release|Win32
		{849385DD-B533-45A5-994D-1F29E0EC9A19}.Debug|ARM64.ActiveCfg = Debug|Win32
		{849385DD-B533-45A5-994D-1F29E0EC9A19}.Debug|x64.ActiveCfg = Debug|x64
		{849385DD-B533-45A5-994D-1F29E0EC9A19}.Debug|x64.Build.0 = Debug|x64
		{849385DD-B533-45A5-994D-1F29E0EC9A19}.Debug|x86.ActiveCfg = Debug|Win32
		{849385DD-B533-45A5-994D-1F29E0EC9A19}.Debug|x86.Build.0 = Debug|Win32
		{849385DD-B533-45A5-994D-1F29E0EC9A19}.Release|ARM64.ActiveCfg = Release|Win32
		{849385DD-B533-45A5-994D-1F29E0EC9A19}.Release|x64.ActiveCfg = Release|x64
		{849385DD-B533-45A5-994D-1F29E0EC9A19}.Release|x64.Build.0 = Release|x64
		{849385DD-B533-45A5-994D-1F29E0EC9A19}.Release|x86.ActiveCfg = Release|Win32
		{849385DD-B533-45A5-994D-1F29E0EC9A19}.Release|x86.Build.0 = Release|Win32
		{A62A0219-FEC8-428D-8C9F-81FFD58C268B}.Debug|ARM64.ActiveCfg = Debug|Win32
		{A62A0219-FEC8-428D-8C9F-81FFD58C268B}.Debug|x64.ActiveCfg = Debug|x64
		{A62A0219-FEC8-428D-8C9F-81FFD58C268B}.Debug|x64.Build.0 = Debug|x64
		{A62A0219-FEC8-428D-8C9F-81FFD58C268B}.Debug|x86.ActiveCfg = Debug|Win32
		{A62A0219-FEC8-428D-8C9F-81FFD58C268B}.Debug|x86.Build.0 = Debug|Win32
		{A62A0219-FEC8-428D-8C9F-81FFD58C268B}.Release|ARM64.ActiveCfg = Release|Win32
		{A62A0219-FEC8-428D-8C9F-81FFD58C268B}.Release|x64.ActiveCfg = Release|x64
		{A62A0219-FEC8-428D-8C9F-81FFD58C268B}.Release|x64.Build.0 = Release|x64
		{A62A0219-FEC8-428D-8C9F-81FFD58C268B}.Release|x86.ActiveCfg = Release|Win32
		{A62A0219-FEC8-428D-8C9F-81FFD58C268B}.Release|x86.Build.0 = Release|Win32
		{9A46E9AA-3E5D-45C8-A880-2760425164F6}.Debug|ARM64.ActiveCfg = Debug|Win32
		{9A46E9AA-3E5D-45C8-A880-2760425164F6}.Debug|x64.ActiveCfg = Debug|x64
		{9A46E9AA-3E5D-45C8-A880-2760425164F6}.Debug|x64.Build.0 = Debug|x64
		{9A46E9AA-3E5D-45C8-A880-2760425164F6}.Debug|x86.ActiveCfg = Debug|Win32
		{9A46E9AA-3E5D-45C8-A880-2760425164F6}.Debug|x86.Build.0 = Debug|Win32
		{9A46E9AA-3E5D-45C8-A880-2760425164F6}.Release|ARM64.ActiveCfg = Release|Win32
		{9A46E9AA-3E5D-45C8-A880-2760425164F6}.Release|x64.ActiveCfg = Release|x64
		{9A46E9AA-3E5D-45C8-A880-2760425164F6}.Release|x64.Build.0 = Release|x64
		{9A46E9AA-3E5D-45C8-A880-2760425164F6}.Release|x86.ActiveCfg = Release|Win32
		{9A46E9AA-3E5D-45C8-A880-2760425164F6}.Release|x86.Build.0 = Release|Win32
		{A6EF01DC-0343-4198-8F58-749037E2B79B}.Debug|ARM64.ActiveCfg = Debug|Win32
		{A6EF01DC-0343-4198-8F58-749037E2B79B}.Debug|x64.ActiveCfg = Debug|x64
		{A6EF01DC-0343-4198-8F58-749037E2B79B}.Debug|x64.Build.0 = Debug|x64
		{A6EF01DC-0343-4198-8F58-749037E2B79B}.Debug|x86.ActiveCfg = Debug|Win32
		{A6EF01DC-0343-4198-8F58-749037E2B79B}.Debug|x86.Build.0 = Debug|Win32
		{A6EF01DC-0343-4198-8F58-749037E2B79B}.Release|ARM64.ActiveCfg = Release|Win32
		{A6EF01DC-0343-4198-8F58-749037E2B79B}.Release|x64.ActiveCfg = Release|x64
		{A6EF01DC-0343-4198-8F58-749037E2B79B}.Release|x64.Build.0 = Release|x64
		{A6EF01DC-0343-4198-8F58-749037E2B79B}.Release|x86.ActiveCfg = Release|Win32
		{A6EF01DC-0343-4198-8F58-749037E2B79B}.Release|x86.Build.0 = Release|Win32
		{768E1F5B-71C5-4741-A4BA-62997D28B2CB}.Debug|ARM64.ActiveCfg = Debug|Win32
		{768E1F5B-71C5-4741-A4BA-62997D28B2CB}.Debug|x64.ActiveCfg = Debug|x64
		{768E1F5B-71C5-4741-A4BA-62997D28B2CB}.Debug|x64.Build.0 = Debug|x64
		{768E1F5B-71C5-4741-A4BA-62997D28B2CB}.Debug|x86.ActiveCfg = Debug|Win32
		{768E1F5B-71C5-4741-A4BA-62997D28B2CB}.Debug|x86.Build.0 = Debug|Win32
		{768E1F5B-71C5-4741-A4BA-62997D28B2CB}.Release|ARM64.ActiveCfg = Release|Win32
		{768E1F5B-71C5-4741-A4BA-62997D28B2CB}.Release|x64.ActiveCfg = Release|x64
		{768E1F5B-71C5-4741-A4BA-62997D28B2CB}.Release|x64.Build.0 = Release|x64
		{768E1F5B-71C5-4741-A4BA-62997D28B2CB}.Release|x86.ActiveCfg = Release|Win32
		{768E1F5B-71C5-4741-A4BA-62997D28B2CB}.Release|x86.Build.0 = Release|Win32
		{4663D5D6-9B7F-4876-908B-0C23509B5F0D}.Debug|ARM64.ActiveCfg = Debug|Win32
		{4663D5D6-9B7F-4876-908B-0C23509B5F0D}.Debug|x64.ActiveCfg = Debug|x64
		{4663D5D6-9B7F-4876-908B-0C23509B5F0D}.Debug|x64.Build.0 = Debug|x64
		{4663D5D6-9B7F-4876-908B-0C23509B5F0D}.Debug|x86.ActiveCfg = Debug|Win32
		{4663D5D6-9B7F-4876-908B-0C23509B5F0D}.Debug|x86.Build.0 = Debug|Win32
		{4663D5D6-9B7F-4876-908B-0C23509B5F0D}.Release|ARM64.ActiveCfg = Release|Win32
		{4663D5D6-9B7F-4876-908B-0C23509B5F0D}.Release|x64.ActiveCfg = Release|x64
		{4663D5D6-9B7F-4876-908B-0C23509B5F0D}.Release|x64.Build.0 = Release|x64
		{4663D5D6-9B7F-4876-908B-0C23509B5F0D}.Release|x86.ActiveCfg = Release|Win32
		{4663D5D6-9B7F-4876-908B-0C23509B5F0D}.Release|x86.Build.0 = Release|Win32
		{3E0E8608-CD9B-4C76-AF33-29CA38F2C9F0}.Debug|ARM64.ActiveCfg = Debug|ARM64
		{3E0E8608-CD9B-4C76-AF33-29CA38F2C9F0}.Debug|ARM64.Build.0 = Debug|ARM64
		{3E0E8608-CD9B-4C76-AF33-29CA38F2C9F0}.Debug|x64.ActiveCfg = Debug|x64
		{3E0E8608-CD9B-4C76-AF33-29CA38F2C9F0}.Debug|x64.Build.0 = Debug|x64
		{3E0E8608-CD9B-4C76-AF33-29CA38F2C9F0}.Debug|x86.ActiveCfg = Debug|Win32
		{3E0E8608-CD9B-4C76-AF33-29CA38F2C9F0}.Debug|x86.Build.0 = Debug|Win32
		{3E0E8608-CD9B-4C76-AF33-29CA38F2C9F0}.Release|ARM64.ActiveCfg = Release|ARM64
		{3E0E8608-CD9B-4C76-AF33-29CA38F2C9F0}.Release|ARM64.Build.0 = Release|ARM64
		{3E0E8608-CD9B-4C76-AF33-29CA38F2C9F0}.Release|x64.ActiveCfg = Release|x64
		{3E0E8608-CD9B-4C76-AF33-29CA38F2C9F0}.Release|x64.Build.0 = Release|x64
		{3E0E8608-CD9B-4C76-AF33-29CA38F2C9F0}.Release|x86.ActiveCfg = Release|Win32
		{3E0E8608-CD9B-4C76-AF33-29CA38F2C9F0}.Release|x86.Build.0 = Release|Win32
		{71BF9883-BA29-49D7-B10B-AED692F69997}.Debug|ARM64.ActiveCfg = Debug|Win32
		{71BF9883-BA29-49D7-B10B-AED692F69997}.Debug|x64.ActiveCfg = Debug|x64
		{71BF9883-BA29-49D7-B10B-AED692F69997}.Debug|x64.Build.0 = Debug|x64
		{71BF9883-BA29-49D7-B10B-AED692F69997}.Debug|x86.ActiveCfg = Debug|Win32
		{71BF9883-BA29-49D7-B10B-AED692F69997}.Debug|x86.Build.0 = Debug|Win32
		{71BF9883-BA29-49D7-B10B-AED692F69997}.Release|ARM64.ActiveCfg = Release|Win32
		{71BF9883-BA29-49D7-B10B-AED692F69997}.Release|x64.ActiveCfg = Release|x64
		{71BF9883-BA29-49D7-B10B-AED692F69997}.Release|x64.Build.0 = Release|x64
		{71BF9883-BA29-49D7-B10B-AED692F69997}.Release|x86.ActiveCfg = Release|Win32
		{71BF9883-BA29-49D7-B10B-AED692F69997}.Release|x86.Build.0 = Release|Win32
		{D05CE1D4-2F47-4AD9-AEEC-96F2DA468F08}.Debug|ARM64.ActiveCfg = Debug|Win32
		{D05CE1D4-2F47-4AD9-AEEC-96F2DA468F08}.Debug|x64.ActiveCfg = Debug|x64
		{D05CE1D4-2F47-4AD9-AEEC-96F2DA468F08}.Debug|x64.Build.0 = Debug|x64
		{D05CE1D4-2F47-4AD9-AEEC-96F2DA468F08}.Debug|x86.ActiveCfg = Debug|Win32
		{D05CE1D4-2F47-4AD9-AEEC-96F2DA468F08}.Debug|x86.Build.0 = Debug|Win32
		{D05CE1D4-2F47-4AD9-AEEC-96F2DA468F08}.Release|ARM64.ActiveCfg = Release|Win32
		{D05CE1D4-2F47-4AD9-AEEC-96F2DA468F08}.Release|x64.ActiveCfg = Release|x64
		{D05CE1D4-2F47-4AD9-AEEC-96F2DA468F08}.Release|x64.Build.0 = Release|x64
		{D05CE1D4-2F47-4AD9-AEEC-96F2DA468F08}.Release|x86.ActiveCfg = Release|Win32
		{D05CE1D4-2F47-4AD9-AEEC-96F2DA468F08}.Release|x86.Build.0 = Release|Win32
		{F56584F7-AD16-4CE2-B64D-7936932AEA20}.Debug|ARM64.ActiveCfg = Debug|Win32
		{F56584F7-AD16-4CE2-B64D-7936932AEA20}.Debug|x64.ActiveCfg = Debug|x64
		{F56584F7-AD16-4CE2-B64D-7936932AEA20}.Debug|x64.Build.0 = Debug|x64
		{F56584F7-AD16-4CE2-B64D-7936932AEA20}.Debug|x86.ActiveCfg = Debug|Win32
		{F56584F7-AD16-4CE2-B64D-7936932AEA20}.Debug|x86.Build.0 = Debug|Win32
		{F56584F7-AD16-4CE2-B64D-7936932AEA20}.Release|ARM64.ActiveCfg = Release|Win32
		{F56584F7-AD16-4CE2-B64D-7936932AEA20}.Release|x64.ActiveCfg = Release|x64
		{F56584F7-AD16-4CE2-B64D-7936932AEA20}.Release|x64.Build.0 = Release|x64
		{F56584F7-AD16-4CE2-B64D-7936932AEA20}.Release|x86.ActiveCfg = Release|Win32
		{F56584F7-AD16-4CE2-B64D-7936932AEA20}.Release|x86.Build.0 = Release|Win32
	EndGlobalSection
	GlobalSection(SolutionProperties) = preSolution
		HideSolutionNode = FALSE
	EndGlobalSection
	GlobalSection(ExtensibilityGlobals) = postSolution
		SolutionGuid = {D49F23B7-D688-4E10-A344-73FB95C04CF7}
	EndGlobalSection
EndGlobal
